// !$*UTF8*$!
{
	archiveVersion = 1;
	classes = {
	};
	objectVersion = 46;
	objects = {

/* Begin PBXBuildFile section */
		36510B0B1F307BC6006D30AF /* Main.storyboard in Resources */ = {isa = PBXBuildFile; fileRef = 36510B091F307BC6006D30AF /* Main.storyboard */; };
		36510B0D1F307BC6006D30AF /* Assets.xcassets in Resources */ = {isa = PBXBuildFile; fileRef = 36510B0C1F307BC6006D30AF /* Assets.xcassets */; };
		36510B101F307BC6006D30AF /* LaunchScreen.storyboard in Resources */ = {isa = PBXBuildFile; fileRef = 36510B0E1F307BC6006D30AF /* LaunchScreen.storyboard */; };
		36510B1B1F307BC7006D30AF /* DemoMaterialAppTests.swift in Sources */ = {isa = PBXBuildFile; fileRef = 36510B1A1F307BC7006D30AF /* DemoMaterialAppTests.swift */; };
		36510B261F307BC7006D30AF /* DemoMaterialAppUITests.swift in Sources */ = {isa = PBXBuildFile; fileRef = 36510B251F307BC7006D30AF /* DemoMaterialAppUITests.swift */; };
		3666330B1F356D2D007C1E0D /* GoogleService-Info.plist in Resources */ = {isa = PBXBuildFile; fileRef = 3666330A1F356D2D007C1E0D /* GoogleService-Info.plist */; };
		366633111F357AD0007C1E0D /* AdSupport.framework in Frameworks */ = {isa = PBXBuildFile; fileRef = 366633101F357AD0007C1E0D /* AdSupport.framework */; };
		366C0BAB1F34215E002E10FB /* ListFriendTableViewCell.swift in Sources */ = {isa = PBXBuildFile; fileRef = 366C0BA91F34215E002E10FB /* ListFriendTableViewCell.swift */; };
		366C0BAC1F34215E002E10FB /* ListFriendTableViewCell.xib in Resources */ = {isa = PBXBuildFile; fileRef = 366C0BAA1F34215E002E10FB /* ListFriendTableViewCell.xib */; };
		367340871F5515B800752BA6 /* AfterSignUpController.swift in Sources */ = {isa = PBXBuildFile; fileRef = 3673407F1F5515B800752BA6 /* AfterSignUpController.swift */; };
		367340881F5515B800752BA6 /* AppDelegate.swift in Sources */ = {isa = PBXBuildFile; fileRef = 367340801F5515B800752BA6 /* AppDelegate.swift */; };
		367340891F5515B800752BA6 /* ListFriendController.swift in Sources */ = {isa = PBXBuildFile; fileRef = 367340811F5515B800752BA6 /* ListFriendController.swift */; };
		3673408A1F5515B800752BA6 /* MemberDetailController.swift in Sources */ = {isa = PBXBuildFile; fileRef = 367340821F5515B800752BA6 /* MemberDetailController.swift */; };
		3673408B1F5515B800752BA6 /* NewFeedController.swift in Sources */ = {isa = PBXBuildFile; fileRef = 367340831F5515B800752BA6 /* NewFeedController.swift */; };
		3673408C1F5515B800752BA6 /* NewStatusController.swift in Sources */ = {isa = PBXBuildFile; fileRef = 367340841F5515B800752BA6 /* NewStatusController.swift */; };
		3673408D1F5515B800752BA6 /* ProfileController.swift in Sources */ = {isa = PBXBuildFile; fileRef = 367340851F5515B800752BA6 /* ProfileController.swift */; };
		3673408E1F5515B800752BA6 /* WelcomeController.swift in Sources */ = {isa = PBXBuildFile; fileRef = 367340861F5515B800752BA6 /* WelcomeController.swift */; };
		3698E9321F32BBAB002A5286 /* DataNewFeed.swift in Sources */ = {isa = PBXBuildFile; fileRef = 3698E9311F32BBAB002A5286 /* DataNewFeed.swift */; };
		3698E9341F32BF88002A5286 /* DataMember.swift in Sources */ = {isa = PBXBuildFile; fileRef = 3698E9331F32BF88002A5286 /* DataMember.swift */; };
		36AC20F21F31C94600E0B281 /* NewFeedViewCell.swift in Sources */ = {isa = PBXBuildFile; fileRef = 36AC20F01F31C94600E0B281 /* NewFeedViewCell.swift */; };
		36AC20F31F31C94600E0B281 /* NewFeedViewCell.xib in Resources */ = {isa = PBXBuildFile; fileRef = 36AC20F11F31C94600E0B281 /* NewFeedViewCell.xib */; };
		8F3FABCA19238E253136D5CE /* Pods_ShareYourMoment.framework in Frameworks */ = {isa = PBXBuildFile; fileRef = C4CA5CACEA32CB43906F02B3 /* Pods_ShareYourMoment.framework */; };
/* End PBXBuildFile section */

/* Begin PBXContainerItemProxy section */
		36510B171F307BC7006D30AF /* PBXContainerItemProxy */ = {
			isa = PBXContainerItemProxy;
			containerPortal = 36510AFA1F307BC6006D30AF /* Project object */;
			proxyType = 1;
			remoteGlobalIDString = 36510B011F307BC6006D30AF;
			remoteInfo = DemoMaterialApp;
		};
		36510B221F307BC7006D30AF /* PBXContainerItemProxy */ = {
			isa = PBXContainerItemProxy;
			containerPortal = 36510AFA1F307BC6006D30AF /* Project object */;
			proxyType = 1;
			remoteGlobalIDString = 36510B011F307BC6006D30AF;
			remoteInfo = DemoMaterialApp;
		};
/* End PBXContainerItemProxy section */

/* Begin PBXFileReference section */
		36510B021F307BC6006D30AF /* ShareYourMoment.app */ = {isa = PBXFileReference; explicitFileType = wrapper.application; includeInIndex = 0; path = ShareYourMoment.app; sourceTree = BUILT_PRODUCTS_DIR; };
		36510B0A1F307BC6006D30AF /* Base */ = {isa = PBXFileReference; lastKnownFileType = file.storyboard; name = Base; path = Base.lproj/Main.storyboard; sourceTree = "<group>"; };
		36510B0C1F307BC6006D30AF /* Assets.xcassets */ = {isa = PBXFileReference; lastKnownFileType = folder.assetcatalog; path = Assets.xcassets; sourceTree = "<group>"; };
		36510B0F1F307BC6006D30AF /* Base */ = {isa = PBXFileReference; lastKnownFileType = file.storyboard; name = Base; path = Base.lproj/LaunchScreen.storyboard; sourceTree = "<group>"; };
		36510B111F307BC6006D30AF /* Info.plist */ = {isa = PBXFileReference; lastKnownFileType = text.plist.xml; path = Info.plist; sourceTree = "<group>"; };
		36510B161F307BC7006D30AF /* ShareYourMomentTests.xctest */ = {isa = PBXFileReference; explicitFileType = wrapper.cfbundle; includeInIndex = 0; path = ShareYourMomentTests.xctest; sourceTree = BUILT_PRODUCTS_DIR; };
		36510B1A1F307BC7006D30AF /* DemoMaterialAppTests.swift */ = {isa = PBXFileReference; lastKnownFileType = sourcecode.swift; path = DemoMaterialAppTests.swift; sourceTree = "<group>"; };
		36510B1C1F307BC7006D30AF /* Info.plist */ = {isa = PBXFileReference; lastKnownFileType = text.plist.xml; path = Info.plist; sourceTree = "<group>"; };
		36510B211F307BC7006D30AF /* ShareYourMomentUITests.xctest */ = {isa = PBXFileReference; explicitFileType = wrapper.cfbundle; includeInIndex = 0; path = ShareYourMomentUITests.xctest; sourceTree = BUILT_PRODUCTS_DIR; };
		36510B251F307BC7006D30AF /* DemoMaterialAppUITests.swift */ = {isa = PBXFileReference; lastKnownFileType = sourcecode.swift; path = DemoMaterialAppUITests.swift; sourceTree = "<group>"; };
		36510B271F307BC7006D30AF /* Info.plist */ = {isa = PBXFileReference; lastKnownFileType = text.plist.xml; path = Info.plist; sourceTree = "<group>"; };
		3666330A1F356D2D007C1E0D /* GoogleService-Info.plist */ = {isa = PBXFileReference; fileEncoding = 4; lastKnownFileType = text.plist.xml; path = "GoogleService-Info.plist"; sourceTree = "<group>"; };
		366633101F357AD0007C1E0D /* AdSupport.framework */ = {isa = PBXFileReference; lastKnownFileType = wrapper.framework; name = AdSupport.framework; path = System/Library/Frameworks/AdSupport.framework; sourceTree = SDKROOT; };
		366C0BA91F34215E002E10FB /* ListFriendTableViewCell.swift */ = {isa = PBXFileReference; fileEncoding = 4; lastKnownFileType = sourcecode.swift; path = ListFriendTableViewCell.swift; sourceTree = "<group>"; };
		366C0BAA1F34215E002E10FB /* ListFriendTableViewCell.xib */ = {isa = PBXFileReference; fileEncoding = 4; lastKnownFileType = file.xib; path = ListFriendTableViewCell.xib; sourceTree = "<group>"; };
		3673407F1F5515B800752BA6 /* AfterSignUpController.swift */ = {isa = PBXFileReference; fileEncoding = 4; lastKnownFileType = sourcecode.swift; path = AfterSignUpController.swift; sourceTree = "<group>"; };
		367340801F5515B800752BA6 /* AppDelegate.swift */ = {isa = PBXFileReference; fileEncoding = 4; lastKnownFileType = sourcecode.swift; path = AppDelegate.swift; sourceTree = "<group>"; };
		367340811F5515B800752BA6 /* ListFriendController.swift */ = {isa = PBXFileReference; fileEncoding = 4; lastKnownFileType = sourcecode.swift; path = ListFriendController.swift; sourceTree = "<group>"; };
		367340821F5515B800752BA6 /* MemberDetailController.swift */ = {isa = PBXFileReference; fileEncoding = 4; lastKnownFileType = sourcecode.swift; path = MemberDetailController.swift; sourceTree = "<group>"; };
		367340831F5515B800752BA6 /* NewFeedController.swift */ = {isa = PBXFileReference; fileEncoding = 4; lastKnownFileType = sourcecode.swift; path = NewFeedController.swift; sourceTree = "<group>"; };
		367340841F5515B800752BA6 /* NewStatusController.swift */ = {isa = PBXFileReference; fileEncoding = 4; lastKnownFileType = sourcecode.swift; path = NewStatusController.swift; sourceTree = "<group>"; };
		367340851F5515B800752BA6 /* ProfileController.swift */ = {isa = PBXFileReference; fileEncoding = 4; lastKnownFileType = sourcecode.swift; path = ProfileController.swift; sourceTree = "<group>"; };
		367340861F5515B800752BA6 /* WelcomeController.swift */ = {isa = PBXFileReference; fileEncoding = 4; lastKnownFileType = sourcecode.swift; path = WelcomeController.swift; sourceTree = "<group>"; };
		3698E9311F32BBAB002A5286 /* DataNewFeed.swift */ = {isa = PBXFileReference; fileEncoding = 4; lastKnownFileType = sourcecode.swift; path = DataNewFeed.swift; sourceTree = "<group>"; };
		3698E9331F32BF88002A5286 /* DataMember.swift */ = {isa = PBXFileReference; fileEncoding = 4; lastKnownFileType = sourcecode.swift; path = DataMember.swift; sourceTree = "<group>"; };
		36AC20F01F31C94600E0B281 /* NewFeedViewCell.swift */ = {isa = PBXFileReference; fileEncoding = 4; lastKnownFileType = sourcecode.swift; path = NewFeedViewCell.swift; sourceTree = "<group>"; };
		36AC20F11F31C94600E0B281 /* NewFeedViewCell.xib */ = {isa = PBXFileReference; fileEncoding = 4; lastKnownFileType = file.xib; path = NewFeedViewCell.xib; sourceTree = "<group>"; };
		4775A9D43A08166E2608EABC /* Pods_ShareYourMomentTests.framework */ = {isa = PBXFileReference; explicitFileType = wrapper.framework; includeInIndex = 0; path = Pods_ShareYourMomentTests.framework; sourceTree = BUILT_PRODUCTS_DIR; };
		B37A46B142EBF4BE7DD7B822 /* Pods-ShareYourMoment.debug.xcconfig */ = {isa = PBXFileReference; includeInIndex = 1; lastKnownFileType = text.xcconfig; name = "Pods-ShareYourMoment.debug.xcconfig"; path = "Pods/Target Support Files/Pods-ShareYourMoment/Pods-ShareYourMoment.debug.xcconfig"; sourceTree = "<group>"; };
		BC35A6D640014659B039C50A /* Pods-ShareYourMoment.release.xcconfig */ = {isa = PBXFileReference; includeInIndex = 1; lastKnownFileType = text.xcconfig; name = "Pods-ShareYourMoment.release.xcconfig"; path = "Pods/Target Support Files/Pods-ShareYourMoment/Pods-ShareYourMoment.release.xcconfig"; sourceTree = "<group>"; };
		C4CA5CACEA32CB43906F02B3 /* Pods_ShareYourMoment.framework */ = {isa = PBXFileReference; explicitFileType = wrapper.framework; includeInIndex = 0; path = Pods_ShareYourMoment.framework; sourceTree = BUILT_PRODUCTS_DIR; };
/* End PBXFileReference section */

/* Begin PBXFrameworksBuildPhase section */
		36510AFF1F307BC6006D30AF /* Frameworks */ = {
			isa = PBXFrameworksBuildPhase;
			buildActionMask = 2147483647;
			files = (
				366633111F357AD0007C1E0D /* AdSupport.framework in Frameworks */,
				8F3FABCA19238E253136D5CE /* Pods_ShareYourMoment.framework in Frameworks */,
			);
			runOnlyForDeploymentPostprocessing = 0;
		};
		36510B131F307BC7006D30AF /* Frameworks */ = {
			isa = PBXFrameworksBuildPhase;
			buildActionMask = 2147483647;
			files = (
			);
			runOnlyForDeploymentPostprocessing = 0;
		};
		36510B1E1F307BC7006D30AF /* Frameworks */ = {
			isa = PBXFrameworksBuildPhase;
			buildActionMask = 2147483647;
			files = (
			);
			runOnlyForDeploymentPostprocessing = 0;
		};
/* End PBXFrameworksBuildPhase section */

/* Begin PBXGroup section */
		36510AF91F307BC6006D30AF = {
			isa = PBXGroup;
			children = (
				36510B041F307BC6006D30AF /* DemoMaterialApp */,
				36510B191F307BC7006D30AF /* DemoMaterialAppTests */,
				36510B241F307BC7006D30AF /* DemoMaterialAppUITests */,
				36510B031F307BC6006D30AF /* Products */,
				F52CB14F32BF0E2CF57FA1F1 /* Pods */,
				3F92C86F6513758F66608EB5 /* Frameworks */,
			);
			sourceTree = "<group>";
		};
		36510B031F307BC6006D30AF /* Products */ = {
			isa = PBXGroup;
			children = (
				36510B021F307BC6006D30AF /* ShareYourMoment.app */,
				36510B161F307BC7006D30AF /* ShareYourMomentTests.xctest */,
				36510B211F307BC7006D30AF /* ShareYourMomentUITests.xctest */,
			);
			name = Products;
			sourceTree = "<group>";
		};
		36510B041F307BC6006D30AF /* DemoMaterialApp */ = {
			isa = PBXGroup;
			children = (
				36510B361F307BFB006D30AF /* SupportFile */,
				36510B351F307BDC006D30AF /* Model */,
				36510B341F307BD7006D30AF /* View */,
				3673407E1F55159700752BA6 /* Controller */,
			);
			path = DemoMaterialApp;
			sourceTree = "<group>";
		};
		36510B191F307BC7006D30AF /* DemoMaterialAppTests */ = {
			isa = PBXGroup;
			children = (
				36510B1A1F307BC7006D30AF /* DemoMaterialAppTests.swift */,
				36510B1C1F307BC7006D30AF /* Info.plist */,
			);
			path = DemoMaterialAppTests;
			sourceTree = "<group>";
		};
		36510B241F307BC7006D30AF /* DemoMaterialAppUITests */ = {
			isa = PBXGroup;
			children = (
				36510B251F307BC7006D30AF /* DemoMaterialAppUITests.swift */,
				36510B271F307BC7006D30AF /* Info.plist */,
			);
			path = DemoMaterialAppUITests;
			sourceTree = "<group>";
		};
		36510B341F307BD7006D30AF /* View */ = {
			isa = PBXGroup;
			children = (
				366C0BA81F342124002E10FB /* ListFriendTable */,
				36AC20EF1F31C92400E0B281 /* NewFeedCollection */,
				36510B091F307BC6006D30AF /* Main.storyboard */,
				36510B0E1F307BC6006D30AF /* LaunchScreen.storyboard */,
			);
			name = View;
			sourceTree = "<group>";
		};
		36510B351F307BDC006D30AF /* Model */ = {
			isa = PBXGroup;
			children = (
				3698E9311F32BBAB002A5286 /* DataNewFeed.swift */,
				3698E9331F32BF88002A5286 /* DataMember.swift */,
			);
			name = Model;
			sourceTree = "<group>";
		};
		36510B361F307BFB006D30AF /* SupportFile */ = {
			isa = PBXGroup;
			children = (
				3666330A1F356D2D007C1E0D /* GoogleService-Info.plist */,
				36510B0C1F307BC6006D30AF /* Assets.xcassets */,
				36510B111F307BC6006D30AF /* Info.plist */,
			);
			name = SupportFile;
			sourceTree = "<group>";
		};
		366C0BA81F342124002E10FB /* ListFriendTable */ = {
			isa = PBXGroup;
			children = (
				366C0BA91F34215E002E10FB /* ListFriendTableViewCell.swift */,
				366C0BAA1F34215E002E10FB /* ListFriendTableViewCell.xib */,
			);
			name = ListFriendTable;
			sourceTree = "<group>";
		};
		3673407E1F55159700752BA6 /* Controller */ = {
			isa = PBXGroup;
			children = (
				3673407F1F5515B800752BA6 /* AfterSignUpController.swift */,
				367340801F5515B800752BA6 /* AppDelegate.swift */,
				367340811F5515B800752BA6 /* ListFriendController.swift */,
				367340821F5515B800752BA6 /* MemberDetailController.swift */,
				367340831F5515B800752BA6 /* NewFeedController.swift */,
				367340841F5515B800752BA6 /* NewStatusController.swift */,
				367340851F5515B800752BA6 /* ProfileController.swift */,
				367340861F5515B800752BA6 /* WelcomeController.swift */,
			);
			name = Controller;
			sourceTree = "<group>";
		};
		36AC20EF1F31C92400E0B281 /* NewFeedCollection */ = {
			isa = PBXGroup;
			children = (
				36AC20F01F31C94600E0B281 /* NewFeedViewCell.swift */,
				36AC20F11F31C94600E0B281 /* NewFeedViewCell.xib */,
			);
			name = NewFeedCollection;
			sourceTree = "<group>";
		};
		3F92C86F6513758F66608EB5 /* Frameworks */ = {
			isa = PBXGroup;
			children = (
				366633101F357AD0007C1E0D /* AdSupport.framework */,
				C4CA5CACEA32CB43906F02B3 /* Pods_ShareYourMoment.framework */,
				4775A9D43A08166E2608EABC /* Pods_ShareYourMomentTests.framework */,
			);
			name = Frameworks;
			sourceTree = "<group>";
		};
		F52CB14F32BF0E2CF57FA1F1 /* Pods */ = {
			isa = PBXGroup;
			children = (
				B37A46B142EBF4BE7DD7B822 /* Pods-ShareYourMoment.debug.xcconfig */,
				BC35A6D640014659B039C50A /* Pods-ShareYourMoment.release.xcconfig */,
			);
			name = Pods;
			sourceTree = "<group>";
		};
/* End PBXGroup section */

/* Begin PBXNativeTarget section */
		36510B011F307BC6006D30AF /* ShareYourMoment */ = {
			isa = PBXNativeTarget;
			buildConfigurationList = 36510B2A1F307BC7006D30AF /* Build configuration list for PBXNativeTarget "ShareYourMoment" */;
			buildPhases = (
				C7331BE435E298164DD7DB16 /* [CP] Check Pods Manifest.lock */,
				36510AFE1F307BC6006D30AF /* Sources */,
				36510AFF1F307BC6006D30AF /* Frameworks */,
				36510B001F307BC6006D30AF /* Resources */,
				F877F834AC0037F40CB77D39 /* [CP] Embed Pods Frameworks */,
				9EDA19B8E9BE73A2F608B49A /* [CP] Copy Pods Resources */,
			);
			buildRules = (
			);
			dependencies = (
			);
			name = ShareYourMoment;
			productName = DemoMaterialApp;
			productReference = 36510B021F307BC6006D30AF /* ShareYourMoment.app */;
			productType = "com.apple.product-type.application";
		};
		36510B151F307BC7006D30AF /* ShareYourMomentTests */ = {
			isa = PBXNativeTarget;
			buildConfigurationList = 36510B2D1F307BC7006D30AF /* Build configuration list for PBXNativeTarget "ShareYourMomentTests" */;
			buildPhases = (
				36510B121F307BC7006D30AF /* Sources */,
				36510B131F307BC7006D30AF /* Frameworks */,
				36510B141F307BC7006D30AF /* Resources */,
			);
			buildRules = (
			);
			dependencies = (
				36510B181F307BC7006D30AF /* PBXTargetDependency */,
			);
			name = ShareYourMomentTests;
			productName = DemoMaterialAppTests;
			productReference = 36510B161F307BC7006D30AF /* ShareYourMomentTests.xctest */;
			productType = "com.apple.product-type.bundle.unit-test";
		};
		36510B201F307BC7006D30AF /* ShareYourMomentUITests */ = {
			isa = PBXNativeTarget;
			buildConfigurationList = 36510B301F307BC7006D30AF /* Build configuration list for PBXNativeTarget "ShareYourMomentUITests" */;
			buildPhases = (
				36510B1D1F307BC7006D30AF /* Sources */,
				36510B1E1F307BC7006D30AF /* Frameworks */,
				36510B1F1F307BC7006D30AF /* Resources */,
			);
			buildRules = (
			);
			dependencies = (
				36510B231F307BC7006D30AF /* PBXTargetDependency */,
			);
			name = ShareYourMomentUITests;
			productName = DemoMaterialAppUITests;
			productReference = 36510B211F307BC7006D30AF /* ShareYourMomentUITests.xctest */;
			productType = "com.apple.product-type.bundle.ui-testing";
		};
/* End PBXNativeTarget section */

/* Begin PBXProject section */
		36510AFA1F307BC6006D30AF /* Project object */ = {
			isa = PBXProject;
			attributes = {
				LastSwiftUpdateCheck = 0830;
				LastUpgradeCheck = 0830;
				ORGANIZATIONNAME = "TPPFIT iCloud";
				TargetAttributes = {
					36510B011F307BC6006D30AF = {
						CreatedOnToolsVersion = 8.3.3;
						DevelopmentTeam = 8733C25WNR;
						LastSwiftMigration = 0830;
						ProvisioningStyle = Automatic;
					};
					36510B151F307BC7006D30AF = {
						CreatedOnToolsVersion = 8.3.3;
						DevelopmentTeam = 8733C25WNR;
						ProvisioningStyle = Automatic;
						TestTargetID = 36510B011F307BC6006D30AF;
					};
					36510B201F307BC7006D30AF = {
						CreatedOnToolsVersion = 8.3.3;
						DevelopmentTeam = 8733C25WNR;
						ProvisioningStyle = Automatic;
						TestTargetID = 36510B011F307BC6006D30AF;
					};
				};
			};
			buildConfigurationList = 36510AFD1F307BC6006D30AF /* Build configuration list for PBXProject "ShareYourMoment" */;
			compatibilityVersion = "Xcode 3.2";
			developmentRegion = English;
			hasScannedForEncodings = 0;
			knownRegions = (
				en,
				Base,
			);
			mainGroup = 36510AF91F307BC6006D30AF;
			productRefGroup = 36510B031F307BC6006D30AF /* Products */;
			projectDirPath = "";
			projectRoot = "";
			targets = (
				36510B011F307BC6006D30AF /* ShareYourMoment */,
				36510B151F307BC7006D30AF /* ShareYourMomentTests */,
				36510B201F307BC7006D30AF /* ShareYourMomentUITests */,
			);
		};
/* End PBXProject section */

/* Begin PBXResourcesBuildPhase section */
		36510B001F307BC6006D30AF /* Resources */ = {
			isa = PBXResourcesBuildPhase;
			buildActionMask = 2147483647;
			files = (
				36510B101F307BC6006D30AF /* LaunchScreen.storyboard in Resources */,
				366C0BAC1F34215E002E10FB /* ListFriendTableViewCell.xib in Resources */,
				36AC20F31F31C94600E0B281 /* NewFeedViewCell.xib in Resources */,
				36510B0D1F307BC6006D30AF /* Assets.xcassets in Resources */,
				36510B0B1F307BC6006D30AF /* Main.storyboard in Resources */,
				3666330B1F356D2D007C1E0D /* GoogleService-Info.plist in Resources */,
			);
			runOnlyForDeploymentPostprocessing = 0;
		};
		36510B141F307BC7006D30AF /* Resources */ = {
			isa = PBXResourcesBuildPhase;
			buildActionMask = 2147483647;
			files = (
			);
			runOnlyForDeploymentPostprocessing = 0;
		};
		36510B1F1F307BC7006D30AF /* Resources */ = {
			isa = PBXResourcesBuildPhase;
			buildActionMask = 2147483647;
			files = (
			);
			runOnlyForDeploymentPostprocessing = 0;
		};
/* End PBXResourcesBuildPhase section */

/* Begin PBXShellScriptBuildPhase section */
		9EDA19B8E9BE73A2F608B49A /* [CP] Copy Pods Resources */ = {
			isa = PBXShellScriptBuildPhase;
			buildActionMask = 2147483647;
			files = (
			);
			inputPaths = (
			);
			name = "[CP] Copy Pods Resources";
			outputPaths = (
			);
			runOnlyForDeploymentPostprocessing = 0;
			shellPath = /bin/sh;
			shellScript = "\"${SRCROOT}/Pods/Target Support Files/Pods-ShareYourMoment/Pods-ShareYourMoment-resources.sh\"\n";
			showEnvVarsInLog = 0;
		};
		C7331BE435E298164DD7DB16 /* [CP] Check Pods Manifest.lock */ = {
			isa = PBXShellScriptBuildPhase;
			buildActionMask = 2147483647;
			files = (
			);
			inputPaths = (
			);
			name = "[CP] Check Pods Manifest.lock";
			outputPaths = (
			);
			runOnlyForDeploymentPostprocessing = 0;
			shellPath = /bin/sh;
			shellScript = "diff \"${PODS_PODFILE_DIR_PATH}/Podfile.lock\" \"${PODS_ROOT}/Manifest.lock\" > /dev/null\nif [ $? != 0 ] ; then\n    # print error to STDERR\n    echo \"error: The sandbox is not in sync with the Podfile.lock. Run 'pod install' or update your CocoaPods installation.\" >&2\n    exit 1\nfi\n";
			showEnvVarsInLog = 0;
		};
		F877F834AC0037F40CB77D39 /* [CP] Embed Pods Frameworks */ = {
			isa = PBXShellScriptBuildPhase;
			buildActionMask = 2147483647;
			files = (
			);
			inputPaths = (
			);
			name = "[CP] Embed Pods Frameworks";
			outputPaths = (
			);
			runOnlyForDeploymentPostprocessing = 0;
			shellPath = /bin/sh;
			shellScript = "\"${SRCROOT}/Pods/Target Support Files/Pods-ShareYourMoment/Pods-ShareYourMoment-frameworks.sh\"\n";
			showEnvVarsInLog = 0;
		};
/* End PBXShellScriptBuildPhase section */

/* Begin PBXSourcesBuildPhase section */
		36510AFE1F307BC6006D30AF /* Sources */ = {
			isa = PBXSourcesBuildPhase;
			buildActionMask = 2147483647;
			files = (
				367340881F5515B800752BA6 /* AppDelegate.swift in Sources */,
				36AC20F21F31C94600E0B281 /* NewFeedViewCell.swift in Sources */,
				367340871F5515B800752BA6 /* AfterSignUpController.swift in Sources */,
				3673408B1F5515B800752BA6 /* NewFeedController.swift in Sources */,
				3673408C1F5515B800752BA6 /* NewStatusController.swift in Sources */,
				366C0BAB1F34215E002E10FB /* ListFriendTableViewCell.swift in Sources */,
				3673408E1F5515B800752BA6 /* WelcomeController.swift in Sources */,
				3698E9321F32BBAB002A5286 /* DataNewFeed.swift in Sources */,
				3673408D1F5515B800752BA6 /* ProfileController.swift in Sources */,
				3698E9341F32BF88002A5286 /* DataMember.swift in Sources */,
				3673408A1F5515B800752BA6 /* MemberDetailController.swift in Sources */,
				367340891F5515B800752BA6 /* ListFriendController.swift in Sources */,
			);
			runOnlyForDeploymentPostprocessing = 0;
		};
		36510B121F307BC7006D30AF /* Sources */ = {
			isa = PBXSourcesBuildPhase;
			buildActionMask = 2147483647;
			files = (
				36510B1B1F307BC7006D30AF /* DemoMaterialAppTests.swift in Sources */,
			);
			runOnlyForDeploymentPostprocessing = 0;
		};
		36510B1D1F307BC7006D30AF /* Sources */ = {
			isa = PBXSourcesBuildPhase;
			buildActionMask = 2147483647;
			files = (
				36510B261F307BC7006D30AF /* DemoMaterialAppUITests.swift in Sources */,
			);
			runOnlyForDeploymentPostprocessing = 0;
		};
/* End PBXSourcesBuildPhase section */

/* Begin PBXTargetDependency section */
		36510B181F307BC7006D30AF /* PBXTargetDependency */ = {
			isa = PBXTargetDependency;
			target = 36510B011F307BC6006D30AF /* ShareYourMoment */;
			targetProxy = 36510B171F307BC7006D30AF /* PBXContainerItemProxy */;
		};
		36510B231F307BC7006D30AF /* PBXTargetDependency */ = {
			isa = PBXTargetDependency;
			target = 36510B011F307BC6006D30AF /* ShareYourMoment */;
			targetProxy = 36510B221F307BC7006D30AF /* PBXContainerItemProxy */;
		};
/* End PBXTargetDependency section */

/* Begin PBXVariantGroup section */
		36510B091F307BC6006D30AF /* Main.storyboard */ = {
			isa = PBXVariantGroup;
			children = (
				36510B0A1F307BC6006D30AF /* Base */,
			);
			name = Main.storyboard;
			sourceTree = "<group>";
		};
		36510B0E1F307BC6006D30AF /* LaunchScreen.storyboard */ = {
			isa = PBXVariantGroup;
			children = (
				36510B0F1F307BC6006D30AF /* Base */,
			);
			name = LaunchScreen.storyboard;
			sourceTree = "<group>";
		};
/* End PBXVariantGroup section */

/* Begin XCBuildConfiguration section */
		36510B281F307BC7006D30AF /* Debug */ = {
			isa = XCBuildConfiguration;
			buildSettings = {
				ALWAYS_SEARCH_USER_PATHS = NO;
				CLANG_ANALYZER_NONNULL = YES;
				CLANG_ANALYZER_NUMBER_OBJECT_CONVERSION = YES_AGGRESSIVE;
				CLANG_CXX_LANGUAGE_STANDARD = "gnu++0x";
				CLANG_CXX_LIBRARY = "libc++";
				CLANG_ENABLE_MODULES = YES;
				CLANG_ENABLE_OBJC_ARC = YES;
				CLANG_WARN_BOOL_CONVERSION = YES;
				CLANG_WARN_CONSTANT_CONVERSION = YES;
				CLANG_WARN_DIRECT_OBJC_ISA_USAGE = YES_ERROR;
				CLANG_WARN_DOCUMENTATION_COMMENTS = YES;
				CLANG_WARN_EMPTY_BODY = YES;
				CLANG_WARN_ENUM_CONVERSION = YES;
				CLANG_WARN_INFINITE_RECURSION = YES;
				CLANG_WARN_INT_CONVERSION = YES;
				CLANG_WARN_OBJC_ROOT_CLASS = YES_ERROR;
				CLANG_WARN_SUSPICIOUS_MOVE = YES;
				CLANG_WARN_UNREACHABLE_CODE = YES;
				CLANG_WARN__DUPLICATE_METHOD_MATCH = YES;
				"CODE_SIGN_IDENTITY[sdk=iphoneos*]" = "iPhone Developer";
				COPY_PHASE_STRIP = NO;
				DEBUG_INFORMATION_FORMAT = dwarf;
				ENABLE_STRICT_OBJC_MSGSEND = YES;
				ENABLE_TESTABILITY = YES;
				GCC_C_LANGUAGE_STANDARD = gnu99;
				GCC_DYNAMIC_NO_PIC = NO;
				GCC_NO_COMMON_BLOCKS = YES;
				GCC_OPTIMIZATION_LEVEL = 0;
				GCC_PREPROCESSOR_DEFINITIONS = (
					"DEBUG=1",
					"$(inherited)",
				);
				GCC_WARN_64_TO_32_BIT_CONVERSION = YES;
				GCC_WARN_ABOUT_RETURN_TYPE = YES_ERROR;
				GCC_WARN_UNDECLARED_SELECTOR = YES;
				GCC_WARN_UNINITIALIZED_AUTOS = YES_AGGRESSIVE;
				GCC_WARN_UNUSED_FUNCTION = YES;
				GCC_WARN_UNUSED_VARIABLE = YES;
				IPHONEOS_DEPLOYMENT_TARGET = 10.3;
				MTL_ENABLE_DEBUG_INFO = YES;
				ONLY_ACTIVE_ARCH = YES;
				SDKROOT = iphoneos;
				SWIFT_ACTIVE_COMPILATION_CONDITIONS = DEBUG;
				SWIFT_OPTIMIZATION_LEVEL = "-Onone";
			};
			name = Debug;
		};
		36510B291F307BC7006D30AF /* Release */ = {
			isa = XCBuildConfiguration;
			buildSettings = {
				ALWAYS_SEARCH_USER_PATHS = NO;
				CLANG_ANALYZER_NONNULL = YES;
				CLANG_ANALYZER_NUMBER_OBJECT_CONVERSION = YES_AGGRESSIVE;
				CLANG_CXX_LANGUAGE_STANDARD = "gnu++0x";
				CLANG_CXX_LIBRARY = "libc++";
				CLANG_ENABLE_MODULES = YES;
				CLANG_ENABLE_OBJC_ARC = YES;
				CLANG_WARN_BOOL_CONVERSION = YES;
				CLANG_WARN_CONSTANT_CONVERSION = YES;
				CLANG_WARN_DIRECT_OBJC_ISA_USAGE = YES_ERROR;
				CLANG_WARN_DOCUMENTATION_COMMENTS = YES;
				CLANG_WARN_EMPTY_BODY = YES;
				CLANG_WARN_ENUM_CONVERSION = YES;
				CLANG_WARN_INFINITE_RECURSION = YES;
				CLANG_WARN_INT_CONVERSION = YES;
				CLANG_WARN_OBJC_ROOT_CLASS = YES_ERROR;
				CLANG_WARN_SUSPICIOUS_MOVE = YES;
				CLANG_WARN_UNREACHABLE_CODE = YES;
				CLANG_WARN__DUPLICATE_METHOD_MATCH = YES;
				"CODE_SIGN_IDENTITY[sdk=iphoneos*]" = "iPhone Developer";
				COPY_PHASE_STRIP = NO;
				DEBUG_INFORMATION_FORMAT = "dwarf-with-dsym";
				ENABLE_NS_ASSERTIONS = NO;
				ENABLE_STRICT_OBJC_MSGSEND = YES;
				GCC_C_LANGUAGE_STANDARD = gnu99;
				GCC_NO_COMMON_BLOCKS = YES;
				GCC_WARN_64_TO_32_BIT_CONVERSION = YES;
				GCC_WARN_ABOUT_RETURN_TYPE = YES_ERROR;
				GCC_WARN_UNDECLARED_SELECTOR = YES;
				GCC_WARN_UNINITIALIZED_AUTOS = YES_AGGRESSIVE;
				GCC_WARN_UNUSED_FUNCTION = YES;
				GCC_WARN_UNUSED_VARIABLE = YES;
				IPHONEOS_DEPLOYMENT_TARGET = 10.3;
				MTL_ENABLE_DEBUG_INFO = NO;
				SDKROOT = iphoneos;
				SWIFT_OPTIMIZATION_LEVEL = "-Owholemodule";
				VALIDATE_PRODUCT = YES;
			};
			name = Release;
		};
		36510B2B1F307BC7006D30AF /* Debug */ = {
			isa = XCBuildConfiguration;
			baseConfigurationReference = B37A46B142EBF4BE7DD7B822 /* Pods-ShareYourMoment.debug.xcconfig */;
			buildSettings = {
				ASSETCATALOG_COMPILER_APPICON_NAME = AppIcon;
				CLANG_ENABLE_MODULES = YES;
				DEVELOPMENT_TEAM = 8733C25WNR;
				INFOPLIST_FILE = DemoMaterialApp/Info.plist;
				IPHONEOS_DEPLOYMENT_TARGET = 9.3;
				LD_RUNPATH_SEARCH_PATHS = "$(inherited) @executable_path/Frameworks";
				PRODUCT_BUNDLE_IDENTIFIER = tppfit.ShareYourMoment;
				PRODUCT_NAME = "$(TARGET_NAME)";
				SWIFT_OBJC_BRIDGING_HEADER = "";
				SWIFT_OPTIMIZATION_LEVEL = "-Onone";
				SWIFT_VERSION = 3.0;
			};
			name = Debug;
		};
		36510B2C1F307BC7006D30AF /* Release */ = {
			isa = XCBuildConfiguration;
			baseConfigurationReference = BC35A6D640014659B039C50A /* Pods-ShareYourMoment.release.xcconfig */;
			buildSettings = {
				ASSETCATALOG_COMPILER_APPICON_NAME = AppIcon;
				CLANG_ENABLE_MODULES = YES;
				DEVELOPMENT_TEAM = 8733C25WNR;
				INFOPLIST_FILE = DemoMaterialApp/Info.plist;
				IPHONEOS_DEPLOYMENT_TARGET = 9.3;
				LD_RUNPATH_SEARCH_PATHS = "$(inherited) @executable_path/Frameworks";
				PRODUCT_BUNDLE_IDENTIFIER = tppfit.ShareYourMoment;
				PRODUCT_NAME = "$(TARGET_NAME)";
				SWIFT_OBJC_BRIDGING_HEADER = "";
				SWIFT_VERSION = 3.0;
			};
			name = Release;
		};
		36510B2E1F307BC7006D30AF /* Debug */ = {
			isa = XCBuildConfiguration;
			buildSettings = {
				ALWAYS_EMBED_SWIFT_STANDARD_LIBRARIES = YES;
				BUNDLE_LOADER = "$(TEST_HOST)";
				DEVELOPMENT_TEAM = 8733C25WNR;
				INFOPLIST_FILE = DemoMaterialAppTests/Info.plist;
				LD_RUNPATH_SEARCH_PATHS = "$(inherited) @executable_path/Frameworks @loader_path/Frameworks";
				PRODUCT_BUNDLE_IDENTIFIER = tppfit.DemoMaterialAppTests;
				PRODUCT_NAME = "$(TARGET_NAME)";
				SWIFT_VERSION = 3.0;
				TEST_HOST = "$(BUILT_PRODUCTS_DIR)/ShareYourMoment.app/ShareYourMoment";
			};
			name = Debug;
		};
		36510B2F1F307BC7006D30AF /* Release */ = {
			isa = XCBuildConfiguration;
			buildSettings = {
				ALWAYS_EMBED_SWIFT_STANDARD_LIBRARIES = YES;
				BUNDLE_LOADER = "$(TEST_HOST)";
				DEVELOPMENT_TEAM = 8733C25WNR;
				INFOPLIST_FILE = DemoMaterialAppTests/Info.plist;
				LD_RUNPATH_SEARCH_PATHS = "$(inherited) @executable_path/Frameworks @loader_path/Frameworks";
				PRODUCT_BUNDLE_IDENTIFIER = tppfit.DemoMaterialAppTests;
				PRODUCT_NAME = "$(TARGET_NAME)";
				SWIFT_VERSION = 3.0;
				TEST_HOST = "$(BUILT_PRODUCTS_DIR)/ShareYourMoment.app/ShareYourMoment";
			};
			name = Release;
		};
		36510B311F307BC7006D30AF /* Debug */ = {
			isa = XCBuildConfiguration;
			buildSettings = {
				ALWAYS_EMBED_SWIFT_STANDARD_LIBRARIES = YES;
				DEVELOPMENT_TEAM = 8733C25WNR;
				INFOPLIST_FILE = DemoMaterialAppUITests/Info.plist;
				LD_RUNPATH_SEARCH_PATHS = "$(inherited) @executable_path/Frameworks @loader_path/Frameworks";
				PRODUCT_BUNDLE_IDENTIFIER = tppfit.DemoMaterialAppUITests;
				PRODUCT_NAME = "$(TARGET_NAME)";
				SWIFT_VERSION = 3.0;
				TEST_TARGET_NAME = DemoMaterialApp;
			};
			name = Debug;
		};
		36510B321F307BC7006D30AF /* Release */ = {
			isa = XCBuildConfiguration;
			buildSettings = {
				ALWAYS_EMBED_SWIFT_STANDARD_LIBRARIES = YES;
				DEVELOPMENT_TEAM = 8733C25WNR;
				INFOPLIST_FILE = DemoMaterialAppUITests/Info.plist;
				LD_RUNPATH_SEARCH_PATHS = "$(inherited) @executable_path/Frameworks @loader_path/Frameworks";
				PRODUCT_BUNDLE_IDENTIFIER = tppfit.DemoMaterialAppUITests;
				PRODUCT_NAME = "$(TARGET_NAME)";
				SWIFT_VERSION = 3.0;
				TEST_TARGET_NAME = DemoMaterialApp;
			};
			name = Release;
		};
/* End XCBuildConfiguration section */

/* Begin XCConfigurationList section */
		36510AFD1F307BC6006D30AF /* Build configuration list for PBXProject "ShareYourMoment" */ = {
			isa = XCConfigurationList;
			buildConfigurations = (
				36510B281F307BC7006D30AF /* Debug */,
				36510B291F307BC7006D30AF /* Release */,
			);
			defaultConfigurationIsVisible = 0;
			defaultConfigurationName = Release;
		};
		36510B2A1F307BC7006D30AF /* Build configuration list for PBXNativeTarget "ShareYourMoment" */ = {
			isa = XCConfigurationList;
			buildConfigurations = (
				36510B2B1F307BC7006D30AF /* Debug */,
				36510B2C1F307BC7006D30AF /* Release */,
			);
			defaultConfigurationIsVisible = 0;
			defaultConfigurationName = Release;
		};
		36510B2D1F307BC7006D30AF /* Build configuration list for PBXNativeTarget "ShareYourMomentTests" */ = {
			isa = XCConfigurationList;
			buildConfigurations = (
				36510B2E1F307BC7006D30AF /* Debug */,
				36510B2F1F307BC7006D30AF /* Release */,
			);
			defaultConfigurationIsVisible = 0;
			defaultConfigurationName = Release;
		};
		36510B301F307BC7006D30AF /* Build configuration list for PBXNativeTarget "ShareYourMomentUITests" */ = {
			isa = XCConfigurationList;
			buildConfigurations = (
				36510B311F307BC7006D30AF /* Debug */,
				36510B321F307BC7006D30AF /* Release */,
			);
			defaultConfigurationIsVisible = 0;
			defaultConfigurationName = Release;
		};
/* End XCConfigurationList section */
	};
	rootObject = 36510AFA1F307BC6006D30AF /* Project object */;
}
